
Microsoft Visual Studio Solution File, Format Version 12.00
# Visual Studio Version 16
VisualStudioVersion = 16.0.31515.178
MinimumVisualStudioVersion = 10.0.40219.1
Project("{FAE04EC0-301F-11D3-BF4B-00C04F79EFBC}") = "Shipping Label App", "shipping_web\Shipping Label App.csproj", "{438D4D96-E482-450B-9B55-9E4A4350A8F2}"
EndProject
Global
	GlobalSection(SolutionConfigurationPlatforms) = preSolution
		Debug|Any CPU = Debug|Any CPU
		Release|Any CPU = Release|Any CPU
	EndGlobalSection
	GlobalSection(ProjectConfigurationPlatforms) = postSolution
		{438D4D96-E482-450B-9B55-9E4A4350A8F2}.Debug|Any CPU.ActiveCfg = Debug|Any CPU
		{438D4D96-E482-450B-9B55-9E4A4350A8F2}.Debug|Any CPU.Build.0 = Debug|Any CPU
		{438D4D96-E482-450B-9B55-9E4A4350A8F2}.Release|Any CPU.ActiveCfg = Release|Any CPU
		{438D4D96-E482-450B-9B55-9E4A4350A8F2}.Release|Any CPU.Build.0 = Release|Any CPU
	EndGlobalSection
	GlobalSection(SolutionProperties) = preSolution
		HideSolutionNode = FALSE
	EndGlobalSection
	GlobalSection(ExtensibilityGlobals) = postSolution
		SolutionGuid = {446DB10A-4039-47CF-B051-706772F111E6}
	EndGlobalSection
EndGlobal
